
Microsoft Visual Studio Solution File, Format Version 12.00
# Visual Studio Version 17
VisualStudioVersion = 17.0.31611.283
MinimumVisualStudioVersion = 10.0.40219.1
Project("{9A19103F-16F7-4668-BE54-9A1E7A4F7556}") = "AOdia5", "AOdia5\AOdia5.csproj", "{453A806F-B189-444F-9B90-CB482136F247}"
EndProject
Project("{9A19103F-16F7-4668-BE54-9A1E7A4F7556}") = "AOdia5Test", "AOdia5Test\AOdia5Test.csproj", "{92EC2716-8671-43B9-BAB6-D7D40AA88804}"
EndProject
Project("{9A19103F-16F7-4668-BE54-9A1E7A4F7556}") = "AOdiaData", "AOdiaData\AOdiaData.csproj", "{09BEF654-2F3F-432C-85D4-D41ED8A0AF93}"
EndProject
Project("{FAE04EC0-301F-11D3-BF4B-00C04F79EFBC}") = "AOdiaDataTests1", "AOdiaDataTests1\AOdiaDataTests1.csproj", "{FCAEC544-FD35-4A1A-8D08-35B94CEB1454}"
EndProject
Global
	GlobalSection(SolutionConfigurationPlatforms) = preSolution
		Debug|Any CPU = Debug|Any CPU
		Release|Any CPU = Release|Any CPU
	EndGlobalSection
	GlobalSection(ProjectConfigurationPlatforms) = postSolution
		{453A806F-B189-444F-9B90-CB482136F247}.Debug|Any CPU.ActiveCfg = Debug|Any CPU
		{453A806F-B189-444F-9B90-CB482136F247}.Debug|Any CPU.Build.0 = Debug|Any CPU
		{453A806F-B189-444F-9B90-CB482136F247}.Debug|Any CPU.Deploy.0 = Debug|Any CPU
		{453A806F-B189-444F-9B90-CB482136F247}.Release|Any CPU.ActiveCfg = Release|Any CPU
		{453A806F-B189-444F-9B90-CB482136F247}.Release|Any CPU.Build.0 = Release|Any CPU
		{453A806F-B189-444F-9B90-CB482136F247}.Release|Any CPU.Deploy.0 = Release|Any CPU
		{92EC2716-8671-43B9-BAB6-D7D40AA88804}.Debug|Any CPU.ActiveCfg = Debug|Any CPU
		{92EC2716-8671-43B9-BAB6-D7D40AA88804}.Debug|Any CPU.Build.0 = Debug|Any CPU
		{92EC2716-8671-43B9-BAB6-D7D40AA88804}.Release|Any CPU.ActiveCfg = Release|Any CPU
		{92EC2716-8671-43B9-BAB6-D7D40AA88804}.Release|Any CPU.Build.0 = Release|Any CPU
		{09BEF654-2F3F-432C-85D4-D41ED8A0AF93}.Debug|Any CPU.ActiveCfg = Debug|Any CPU
		{09BEF654-2F3F-432C-85D4-D41ED8A0AF93}.Debug|Any CPU.Build.0 = Debug|Any CPU
		{09BEF654-2F3F-432C-85D4-D41ED8A0AF93}.Release|Any CPU.ActiveCfg = Release|Any CPU
		{09BEF654-2F3F-432C-85D4-D41ED8A0AF93}.Release|Any CPU.Build.0 = Release|Any CPU
		{FCAEC544-FD35-4A1A-8D08-35B94CEB1454}.Debug|Any CPU.ActiveCfg = Debug|Any CPU
		{FCAEC544-FD35-4A1A-8D08-35B94CEB1454}.Debug|Any CPU.Build.0 = Debug|Any CPU
		{FCAEC544-FD35-4A1A-8D08-35B94CEB1454}.Release|Any CPU.ActiveCfg = Release|Any CPU
		{FCAEC544-FD35-4A1A-8D08-35B94CEB1454}.Release|Any CPU.Build.0 = Release|Any CPU
	EndGlobalSection
	GlobalSection(SolutionProperties) = preSolution
		HideSolutionNode = FALSE
	EndGlobalSection
	GlobalSection(ExtensibilityGlobals) = postSolution
		SolutionGuid = {61F7FB11-1E47-470C-91E2-47F8143E1572}
	EndGlobalSection
EndGlobal
